
Microsoft Visual Studio Solution File, Format Version 12.00
# Visual Studio Version 16
VisualStudioVersion = 16.0.30717.126
MinimumVisualStudioVersion = 10.0.40219.1
Project("{FAE04EC0-301F-11D3-BF4B-00C04F79EFBC}") = "MeetingVL", "MeetingVL.csproj", "{CF8CBF28-AABD-484D-BD01-F28BBCA5469B}"
EndProject
Project("{FAE04EC0-301F-11D3-BF4B-00C04F79EFBC}") = "MeetingVL.Tests", "..\MeetingVL.Tests\MeetingVL.Tests.csproj", "{2D88B975-3B31-43F5-9546-1C6774485925}"
EndProject
Global
	GlobalSection(SolutionConfigurationPlatforms) = preSolution
		Debug|Any CPU = Debug|Any CPU
		Release|Any CPU = Release|Any CPU
	EndGlobalSection
	GlobalSection(ProjectConfigurationPlatforms) = postSolution
		{CF8CBF28-AABD-484D-BD01-F28BBCA5469B}.Debug|Any CPU.ActiveCfg = Debug|Any CPU
		{CF8CBF28-AABD-484D-BD01-F28BBCA5469B}.Debug|Any CPU.Build.0 = Debug|Any CPU
		{CF8CBF28-AABD-484D-BD01-F28BBCA5469B}.Release|Any CPU.ActiveCfg = Release|Any CPU
		{CF8CBF28-AABD-484D-BD01-F28BBCA5469B}.Release|Any CPU.Build.0 = Release|Any CPU
		{2D88B975-3B31-43F5-9546-1C6774485925}.Debug|Any CPU.ActiveCfg = Debug|Any CPU
		{2D88B975-3B31-43F5-9546-1C6774485925}.Debug|Any CPU.Build.0 = Debug|Any CPU
		{2D88B975-3B31-43F5-9546-1C6774485925}.Release|Any CPU.ActiveCfg = Release|Any CPU
		{2D88B975-3B31-43F5-9546-1C6774485925}.Release|Any CPU.Build.0 = Release|Any CPU
	EndGlobalSection
	GlobalSection(SolutionProperties) = preSolution
		HideSolutionNode = FALSE
	EndGlobalSection
	GlobalSection(ExtensibilityGlobals) = postSolution
		SolutionGuid = {BC8ECE63-6A74-4CAE-B45A-1BF4B6EE5F01}
	EndGlobalSection
EndGlobal
